
Microsoft Visual Studio Solution File, Format Version 12.00
# Visual Studio Version 17
VisualStudioVersion = 17.4.33205.214
MinimumVisualStudioVersion = 10.0.40219.1
Project("{9A19103F-16F7-4668-BE54-9A1E7A4F7556}") = "AbnAmroApp.ConsoleApp", "AbnAmroApp.ConsoleApp\AbnAmroApp.ConsoleApp.csproj", "{EC8DB5BF-1DFA-461E-9BD4-A0D5346A12D4}"
EndProject
Project("{9A19103F-16F7-4668-BE54-9A1E7A4F7556}") = "AbnAmroApp.ConsoleApp.Tests", "AbnAmroApp.ConsoleApp.Tests\AbnAmroApp.ConsoleApp.Tests.csproj", "{4EE67628-1F09-48D9-A819-C2BE005F69A5}"
EndProject
Project("{00D1A9C2-B5F0-4AF3-8072-F6C62B433612}") = "AbnAmroApp.Database", "AbnAmroApp.Database\AbnAmroApp.Database.sqlproj", "{3F5F5916-98FB-434F-AC73-DC1E7B59EFBF}"
EndProject
Project("{FAE04EC0-301F-11D3-BF4B-00C04F79EFBC}") = "AbnAmroApp.Database.Tests", "AbnAmroApp.Database.Tests\AbnAmroApp.Database.Tests.csproj", "{8D9F71D2-9A13-420D-8959-51BBD97CC6AB}"
EndProject
Project("{FAE04EC0-301F-11D3-BF4B-00C04F79EFBC}") = "AbnAmroApp.BusinessLogic", "AbnAmroApp.BusinessLogic\AbnAmroApp.BusinessLogic.csproj", "{D4289FC2-C2EA-4D06-BA18-249AD5AB8A23}"
EndProject
Project("{2150E333-8FDC-42A3-9474-1A3956D46DE8}") = "Tests", "Tests", "{7B3C53A5-3C68-4733-B9C3-895A4202259E}"
EndProject
Project("{FAE04EC0-301F-11D3-BF4B-00C04F79EFBC}") = "AbnAmroApp.BusinessLogic.Tests", "AbnAmroApp.BusinessLogic.Tests\AbnAmroApp.BusinessLogic.Tests.csproj", "{71160532-8596-4D78-94E1-5E4ECC6B05A8}"
EndProject
Global
	GlobalSection(SolutionConfigurationPlatforms) = preSolution
		Debug|Any CPU = Debug|Any CPU
		Release|Any CPU = Release|Any CPU
	EndGlobalSection
	GlobalSection(ProjectConfigurationPlatforms) = postSolution
		{EC8DB5BF-1DFA-461E-9BD4-A0D5346A12D4}.Debug|Any CPU.ActiveCfg = Debug|Any CPU
		{EC8DB5BF-1DFA-461E-9BD4-A0D5346A12D4}.Debug|Any CPU.Build.0 = Debug|Any CPU
		{EC8DB5BF-1DFA-461E-9BD4-A0D5346A12D4}.Release|Any CPU.ActiveCfg = Release|Any CPU
		{EC8DB5BF-1DFA-461E-9BD4-A0D5346A12D4}.Release|Any CPU.Build.0 = Release|Any CPU
		{4EE67628-1F09-48D9-A819-C2BE005F69A5}.Debug|Any CPU.ActiveCfg = Debug|Any CPU
		{4EE67628-1F09-48D9-A819-C2BE005F69A5}.Debug|Any CPU.Build.0 = Debug|Any CPU
		{4EE67628-1F09-48D9-A819-C2BE005F69A5}.Release|Any CPU.ActiveCfg = Release|Any CPU
		{4EE67628-1F09-48D9-A819-C2BE005F69A5}.Release|Any CPU.Build.0 = Release|Any CPU
		{3F5F5916-98FB-434F-AC73-DC1E7B59EFBF}.Debug|Any CPU.ActiveCfg = Debug|Any CPU
		{3F5F5916-98FB-434F-AC73-DC1E7B59EFBF}.Debug|Any CPU.Build.0 = Debug|Any CPU
		{3F5F5916-98FB-434F-AC73-DC1E7B59EFBF}.Debug|Any CPU.Deploy.0 = Debug|Any CPU
		{3F5F5916-98FB-434F-AC73-DC1E7B59EFBF}.Release|Any CPU.ActiveCfg = Release|Any CPU
		{3F5F5916-98FB-434F-AC73-DC1E7B59EFBF}.Release|Any CPU.Build.0 = Release|Any CPU
		{3F5F5916-98FB-434F-AC73-DC1E7B59EFBF}.Release|Any CPU.Deploy.0 = Release|Any CPU
		{8D9F71D2-9A13-420D-8959-51BBD97CC6AB}.Debug|Any CPU.ActiveCfg = Debug|Any CPU
		{8D9F71D2-9A13-420D-8959-51BBD97CC6AB}.Debug|Any CPU.Build.0 = Debug|Any CPU
		{8D9F71D2-9A13-420D-8959-51BBD97CC6AB}.Release|Any CPU.ActiveCfg = Release|Any CPU
		{8D9F71D2-9A13-420D-8959-51BBD97CC6AB}.Release|Any CPU.Build.0 = Release|Any CPU
		{D4289FC2-C2EA-4D06-BA18-249AD5AB8A23}.Debug|Any CPU.ActiveCfg = Debug|Any CPU
		{D4289FC2-C2EA-4D06-BA18-249AD5AB8A23}.Debug|Any CPU.Build.0 = Debug|Any CPU
		{D4289FC2-C2EA-4D06-BA18-249AD5AB8A23}.Release|Any CPU.ActiveCfg = Release|Any CPU
		{D4289FC2-C2EA-4D06-BA18-249AD5AB8A23}.Release|Any CPU.Build.0 = Release|Any CPU
		{71160532-8596-4D78-94E1-5E4ECC6B05A8}.Debug|Any CPU.ActiveCfg = Debug|Any CPU
		{71160532-8596-4D78-94E1-5E4ECC6B05A8}.Debug|Any CPU.Build.0 = Debug|Any CPU
		{71160532-8596-4D78-94E1-5E4ECC6B05A8}.Release|Any CPU.ActiveCfg = Release|Any CPU
		{71160532-8596-4D78-94E1-5E4ECC6B05A8}.Release|Any CPU.Build.0 = Release|Any CPU
	EndGlobalSection
	GlobalSection(SolutionProperties) = preSolution
		HideSolutionNode = FALSE
	EndGlobalSection
	GlobalSection(NestedProjects) = preSolution
		{4EE67628-1F09-48D9-A819-C2BE005F69A5} = {7B3C53A5-3C68-4733-B9C3-895A4202259E}
		{8D9F71D2-9A13-420D-8959-51BBD97CC6AB} = {7B3C53A5-3C68-4733-B9C3-895A4202259E}
		{71160532-8596-4D78-94E1-5E4ECC6B05A8} = {7B3C53A5-3C68-4733-B9C3-895A4202259E}
	EndGlobalSection
	GlobalSection(ExtensibilityGlobals) = postSolution
		SolutionGuid = {2CCCEB7D-E30C-4611-8203-CFDC93DA246A}
	EndGlobalSection
EndGlobal
