
Microsoft Visual Studio Solution File, Format Version 12.00
# Visual Studio Version 17
VisualStudioVersion = 17.4.33205.214
MinimumVisualStudioVersion = 10.0.40219.1
Project("{FAE04EC0-301F-11D3-BF4B-00C04F79EFBC}") = "AbnAmro.App", "AbnAmro.App.csproj", "{D2CA36EC-ECAE-4789-B40A-E0BBD27ECFFE}"
EndProject
Global
	GlobalSection(SolutionConfigurationPlatforms) = preSolution
		Debug|Any CPU = Debug|Any CPU
		Release|Any CPU = Release|Any CPU
	EndGlobalSection
	GlobalSection(ProjectConfigurationPlatforms) = postSolution
		{D2CA36EC-ECAE-4789-B40A-E0BBD27ECFFE}.Debug|Any CPU.ActiveCfg = Debug|Any CPU
		{D2CA36EC-ECAE-4789-B40A-E0BBD27ECFFE}.Debug|Any CPU.Build.0 = Debug|Any CPU
		{D2CA36EC-ECAE-4789-B40A-E0BBD27ECFFE}.Release|Any CPU.ActiveCfg = Release|Any CPU
		{D2CA36EC-ECAE-4789-B40A-E0BBD27ECFFE}.Release|Any CPU.Build.0 = Release|Any CPU
	EndGlobalSection
	GlobalSection(SolutionProperties) = preSolution
		HideSolutionNode = FALSE
	EndGlobalSection
	GlobalSection(ExtensibilityGlobals) = postSolution
		SolutionGuid = {2CCCEB7D-E30C-4611-8203-CFDC93DA246A}
	EndGlobalSection
EndGlobal
